// !$*UTF8*$!
{
	archiveVersion = 1;
	classes = {
	};
	objectVersion = 50;
	objects = {

/* Begin PBXBuildFile section */
		08D2EED92639B4AA0013D5EF /* AppDelegate.swift in Sources */ = {isa = PBXBuildFile; fileRef = 08D2EED82639B4AA0013D5EF /* AppDelegate.swift */; };
		08D2EEDB2639B4AA0013D5EF /* SceneDelegate.swift in Sources */ = {isa = PBXBuildFile; fileRef = 08D2EEDA2639B4AA0013D5EF /* SceneDelegate.swift */; };
		08D2EEDD2639B4AA0013D5EF /* ViewController.swift in Sources */ = {isa = PBXBuildFile; fileRef = 08D2EEDC2639B4AA0013D5EF /* ViewController.swift */; };
		08D2EEE02639B4AA0013D5EF /* Main.storyboard in Resources */ = {isa = PBXBuildFile; fileRef = 08D2EEDE2639B4AA0013D5EF /* Main.storyboard */; };
		08D2EEE32639B4AA0013D5EF /* MajuJayaLetsInteract.xcdatamodeld in Sources */ = {isa = PBXBuildFile; fileRef = 08D2EEE12639B4AA0013D5EF /* MajuJayaLetsInteract.xcdatamodeld */; };
		08D2EEE52639B4AA0013D5EF /* Assets.xcassets in Resources */ = {isa = PBXBuildFile; fileRef = 08D2EEE42639B4AA0013D5EF /* Assets.xcassets */; };
		08D2EEE82639B4AA0013D5EF /* LaunchScreen.storyboard in Resources */ = {isa = PBXBuildFile; fileRef = 08D2EEE62639B4AA0013D5EF /* LaunchScreen.storyboard */; };
		08D2EF30263A58430013D5EF /* Interacts+CoreDataClass.swift in Sources */ = {isa = PBXBuildFile; fileRef = 08D2EEF02639B5470013D5EF /* Interacts+CoreDataClass.swift */; };
		08D2EF31263A58430013D5EF /* Interacts+CoreDataProperties.swift in Sources */ = {isa = PBXBuildFile; fileRef = 08D2EEF12639B5470013D5EF /* Interacts+CoreDataProperties.swift */; };
		FCF6C0C82639C4CE003C3D38 /* Onboarding.storyboard in Resources */ = {isa = PBXBuildFile; fileRef = FCF6C0C72639C4CE003C3D38 /* Onboarding.storyboard */; };
		FCF6C0CD2639CDD4003C3D38 /* FirstStepViewController.swift in Sources */ = {isa = PBXBuildFile; fileRef = FCF6C0CC2639CDD4003C3D38 /* FirstStepViewController.swift */; };
		FCF6C0CF2639CF2B003C3D38 /* MainPageViewController.swift in Sources */ = {isa = PBXBuildFile; fileRef = FCF6C0CE2639CF2B003C3D38 /* MainPageViewController.swift */; };
		FCF6C0D92639DD14003C3D38 /* LandscapeManager.swift in Sources */ = {isa = PBXBuildFile; fileRef = FCF6C0D82639DD14003C3D38 /* LandscapeManager.swift */; };
		FCF6C0DB2639E07C003C3D38 /* ConciergeViewController.swift in Sources */ = {isa = PBXBuildFile; fileRef = FCF6C0DA2639E07C003C3D38 /* ConciergeViewController.swift */; };
		FCF6C0DD2639E246003C3D38 /* SecondStepViewController.swift in Sources */ = {isa = PBXBuildFile; fileRef = FCF6C0DC2639E246003C3D38 /* SecondStepViewController.swift */; };
		FCF6C0DF2639E26F003C3D38 /* ThirdStepViewController.swift in Sources */ = {isa = PBXBuildFile; fileRef = FCF6C0DE2639E26F003C3D38 /* ThirdStepViewController.swift */; };
/* End PBXBuildFile section */

/* Begin PBXFileReference section */
		08D2EED52639B4AA0013D5EF /* MajuJayaLetsInteract.app */ = {isa = PBXFileReference; explicitFileType = wrapper.application; includeInIndex = 0; path = MajuJayaLetsInteract.app; sourceTree = BUILT_PRODUCTS_DIR; };
		08D2EED82639B4AA0013D5EF /* AppDelegate.swift */ = {isa = PBXFileReference; lastKnownFileType = sourcecode.swift; path = AppDelegate.swift; sourceTree = "<group>"; };
		08D2EEDA2639B4AA0013D5EF /* SceneDelegate.swift */ = {isa = PBXFileReference; lastKnownFileType = sourcecode.swift; path = SceneDelegate.swift; sourceTree = "<group>"; };
		08D2EEDC2639B4AA0013D5EF /* ViewController.swift */ = {isa = PBXFileReference; lastKnownFileType = sourcecode.swift; path = ViewController.swift; sourceTree = "<group>"; };
		08D2EEDF2639B4AA0013D5EF /* Base */ = {isa = PBXFileReference; lastKnownFileType = file.storyboard; name = Base; path = Base.lproj/Main.storyboard; sourceTree = "<group>"; };
		08D2EEE22639B4AA0013D5EF /* MajuJayaLetsInteract.xcdatamodel */ = {isa = PBXFileReference; lastKnownFileType = wrapper.xcdatamodel; path = MajuJayaLetsInteract.xcdatamodel; sourceTree = "<group>"; };
		08D2EEE42639B4AA0013D5EF /* Assets.xcassets */ = {isa = PBXFileReference; lastKnownFileType = folder.assetcatalog; path = Assets.xcassets; sourceTree = "<group>"; };
		08D2EEE72639B4AA0013D5EF /* Base */ = {isa = PBXFileReference; lastKnownFileType = file.storyboard; name = Base; path = Base.lproj/LaunchScreen.storyboard; sourceTree = "<group>"; };
		08D2EEE92639B4AA0013D5EF /* Info.plist */ = {isa = PBXFileReference; lastKnownFileType = text.plist.xml; path = Info.plist; sourceTree = "<group>"; };
		08D2EEF02639B5470013D5EF /* Interacts+CoreDataClass.swift */ = {isa = PBXFileReference; lastKnownFileType = sourcecode.swift; path = "Interacts+CoreDataClass.swift"; sourceTree = "<group>"; };
		08D2EEF12639B5470013D5EF /* Interacts+CoreDataProperties.swift */ = {isa = PBXFileReference; lastKnownFileType = sourcecode.swift; path = "Interacts+CoreDataProperties.swift"; sourceTree = "<group>"; };
		FCF6C0C72639C4CE003C3D38 /* Onboarding.storyboard */ = {isa = PBXFileReference; lastKnownFileType = file.storyboard; path = Onboarding.storyboard; sourceTree = "<group>"; };
		FCF6C0CC2639CDD4003C3D38 /* FirstStepViewController.swift */ = {isa = PBXFileReference; lastKnownFileType = sourcecode.swift; path = FirstStepViewController.swift; sourceTree = "<group>"; };
		FCF6C0CE2639CF2B003C3D38 /* MainPageViewController.swift */ = {isa = PBXFileReference; lastKnownFileType = sourcecode.swift; path = MainPageViewController.swift; sourceTree = "<group>"; };
		FCF6C0D82639DD14003C3D38 /* LandscapeManager.swift */ = {isa = PBXFileReference; lastKnownFileType = sourcecode.swift; path = LandscapeManager.swift; sourceTree = "<group>"; };
		FCF6C0DA2639E07C003C3D38 /* ConciergeViewController.swift */ = {isa = PBXFileReference; lastKnownFileType = sourcecode.swift; path = ConciergeViewController.swift; sourceTree = "<group>"; };
		FCF6C0DC2639E246003C3D38 /* SecondStepViewController.swift */ = {isa = PBXFileReference; lastKnownFileType = sourcecode.swift; path = SecondStepViewController.swift; sourceTree = "<group>"; };
		FCF6C0DE2639E26F003C3D38 /* ThirdStepViewController.swift */ = {isa = PBXFileReference; lastKnownFileType = sourcecode.swift; path = ThirdStepViewController.swift; sourceTree = "<group>"; };
/* End PBXFileReference section */

/* Begin PBXFrameworksBuildPhase section */
		08D2EED22639B4AA0013D5EF /* Frameworks */ = {
			isa = PBXFrameworksBuildPhase;
			buildActionMask = 2147483647;
			files = (
			);
			runOnlyForDeploymentPostprocessing = 0;
		};
/* End PBXFrameworksBuildPhase section */

/* Begin PBXGroup section */
		08D2EECC2639B4AA0013D5EF = {
			isa = PBXGroup;
			children = (
				08D2EED72639B4AA0013D5EF /* MajuJayaLetsInteract */,
				08D2EED62639B4AA0013D5EF /* Products */,
			);
			sourceTree = "<group>";
		};
		08D2EED62639B4AA0013D5EF /* Products */ = {
			isa = PBXGroup;
			children = (
				08D2EED52639B4AA0013D5EF /* MajuJayaLetsInteract.app */,
			);
			name = Products;
			sourceTree = "<group>";
		};
		08D2EED72639B4AA0013D5EF /* MajuJayaLetsInteract */ = {
			isa = PBXGroup;
			children = (
				08D2EF2E263A58060013D5EF /* Data */,
				08D2EED82639B4AA0013D5EF /* AppDelegate.swift */,
				08D2EEDA2639B4AA0013D5EF /* SceneDelegate.swift */,
				08D2EEDC2639B4AA0013D5EF /* ViewController.swift */,
				08D2EEDE2639B4AA0013D5EF /* Main.storyboard */,
				FCF6C0DA2639E07C003C3D38 /* ConciergeViewController.swift */,
				FCF6C0D82639DD14003C3D38 /* LandscapeManager.swift */,
				08D2EEE42639B4AA0013D5EF /* Assets.xcassets */,
				FCF6C0C72639C4CE003C3D38 /* Onboarding.storyboard */,
				08D2EEE62639B4AA0013D5EF /* LaunchScreen.storyboard */,
				08D2EEE92639B4AA0013D5EF /* Info.plist */,
				FCF6C0C92639CD41003C3D38 /* OnboardingController */,
				08D2EEE12639B4AA0013D5EF /* MajuJayaLetsInteract.xcdatamodeld */,
			);
			path = MajuJayaLetsInteract;
			sourceTree = "<group>";
		};
		08D2EF2E263A58060013D5EF /* Data */ = {
			isa = PBXGroup;
			children = (
				08D2EEF02639B5470013D5EF /* Interacts+CoreDataClass.swift */,
				08D2EEF12639B5470013D5EF /* Interacts+CoreDataProperties.swift */,
			);
			path = Data;
			sourceTree = "<group>";
		};
		FCF6C0C92639CD41003C3D38 /* OnboardingController */ = {
			isa = PBXGroup;
			children = (
				FCF6C0CE2639CF2B003C3D38 /* MainPageViewController.swift */,
				FCF6C0CC2639CDD4003C3D38 /* FirstStepViewController.swift */,
				FCF6C0DC2639E246003C3D38 /* SecondStepViewController.swift */,
				FCF6C0DE2639E26F003C3D38 /* ThirdStepViewController.swift */,
			);
			path = OnboardingController;
			sourceTree = "<group>";
		};
/* End PBXGroup section */

/* Begin PBXNativeTarget section */
		08D2EED42639B4AA0013D5EF /* MajuJayaLetsInteract */ = {
			isa = PBXNativeTarget;
			buildConfigurationList = 08D2EEEC2639B4AA0013D5EF /* Build configuration list for PBXNativeTarget "MajuJayaLetsInteract" */;
			buildPhases = (
				08D2EED12639B4AA0013D5EF /* Sources */,
				08D2EED22639B4AA0013D5EF /* Frameworks */,
				08D2EED32639B4AA0013D5EF /* Resources */,
			);
			buildRules = (
			);
			dependencies = (
			);
			name = MajuJayaLetsInteract;
			productName = MajuJayaLetsInteract;
			productReference = 08D2EED52639B4AA0013D5EF /* MajuJayaLetsInteract.app */;
			productType = "com.apple.product-type.application";
		};
/* End PBXNativeTarget section */

/* Begin PBXProject section */
		08D2EECD2639B4AA0013D5EF /* Project object */ = {
			isa = PBXProject;
			attributes = {
				LastSwiftUpdateCheck = 1240;
				LastUpgradeCheck = 1240;
				TargetAttributes = {
					08D2EED42639B4AA0013D5EF = {
						CreatedOnToolsVersion = 12.4;
					};
				};
			};
			buildConfigurationList = 08D2EED02639B4AA0013D5EF /* Build configuration list for PBXProject "MajuJayaLetsInteract" */;
			compatibilityVersion = "Xcode 9.3";
			developmentRegion = en;
			hasScannedForEncodings = 0;
			knownRegions = (
				en,
				Base,
			);
			mainGroup = 08D2EECC2639B4AA0013D5EF;
			productRefGroup = 08D2EED62639B4AA0013D5EF /* Products */;
			projectDirPath = "";
			projectRoot = "";
			targets = (
				08D2EED42639B4AA0013D5EF /* MajuJayaLetsInteract */,
			);
		};
/* End PBXProject section */

/* Begin PBXResourcesBuildPhase section */
		08D2EED32639B4AA0013D5EF /* Resources */ = {
			isa = PBXResourcesBuildPhase;
			buildActionMask = 2147483647;
			files = (
				08D2EEE82639B4AA0013D5EF /* LaunchScreen.storyboard in Resources */,
				08D2EEE52639B4AA0013D5EF /* Assets.xcassets in Resources */,
				08D2EEE02639B4AA0013D5EF /* Main.storyboard in Resources */,
				FCF6C0C82639C4CE003C3D38 /* Onboarding.storyboard in Resources */,
			);
			runOnlyForDeploymentPostprocessing = 0;
		};
/* End PBXResourcesBuildPhase section */

/* Begin PBXSourcesBuildPhase section */
		08D2EED12639B4AA0013D5EF /* Sources */ = {
			isa = PBXSourcesBuildPhase;
			buildActionMask = 2147483647;
			files = (
				08D2EF30263A58430013D5EF /* Interacts+CoreDataClass.swift in Sources */,
				08D2EF31263A58430013D5EF /* Interacts+CoreDataProperties.swift in Sources */,
				08D2EEDD2639B4AA0013D5EF /* ViewController.swift in Sources */,
				08D2EED92639B4AA0013D5EF /* AppDelegate.swift in Sources */,
				FCF6C0DF2639E26F003C3D38 /* ThirdStepViewController.swift in Sources */,
				FCF6C0CD2639CDD4003C3D38 /* FirstStepViewController.swift in Sources */,
				08D2EEDB2639B4AA0013D5EF /* SceneDelegate.swift in Sources */,
				FCF6C0CF2639CF2B003C3D38 /* MainPageViewController.swift in Sources */,
				FCF6C0DB2639E07C003C3D38 /* ConciergeViewController.swift in Sources */,
				08D2EEE32639B4AA0013D5EF /* MajuJayaLetsInteract.xcdatamodeld in Sources */,
				FCF6C0D92639DD14003C3D38 /* LandscapeManager.swift in Sources */,
				FCF6C0DD2639E246003C3D38 /* SecondStepViewController.swift in Sources */,
			);
			runOnlyForDeploymentPostprocessing = 0;
		};
/* End PBXSourcesBuildPhase section */

/* Begin PBXVariantGroup section */
		08D2EEDE2639B4AA0013D5EF /* Main.storyboard */ = {
			isa = PBXVariantGroup;
			children = (
				08D2EEDF2639B4AA0013D5EF /* Base */,
			);
			name = Main.storyboard;
			sourceTree = "<group>";
		};
		08D2EEE62639B4AA0013D5EF /* LaunchScreen.storyboard */ = {
			isa = PBXVariantGroup;
			children = (
				08D2EEE72639B4AA0013D5EF /* Base */,
			);
			name = LaunchScreen.storyboard;
			sourceTree = "<group>";
		};
/* End PBXVariantGroup section */

/* Begin XCBuildConfiguration section */
		08D2EEEA2639B4AA0013D5EF /* Debug */ = {
			isa = XCBuildConfiguration;
			buildSettings = {
				ALWAYS_SEARCH_USER_PATHS = NO;
				CLANG_ANALYZER_NONNULL = YES;
				CLANG_ANALYZER_NUMBER_OBJECT_CONVERSION = YES_AGGRESSIVE;
				CLANG_CXX_LANGUAGE_STANDARD = "gnu++14";
				CLANG_CXX_LIBRARY = "libc++";
				CLANG_ENABLE_MODULES = YES;
				CLANG_ENABLE_OBJC_ARC = YES;
				CLANG_ENABLE_OBJC_WEAK = YES;
				CLANG_WARN_BLOCK_CAPTURE_AUTORELEASING = YES;
				CLANG_WARN_BOOL_CONVERSION = YES;
				CLANG_WARN_COMMA = YES;
				CLANG_WARN_CONSTANT_CONVERSION = YES;
				CLANG_WARN_DEPRECATED_OBJC_IMPLEMENTATIONS = YES;
				CLANG_WARN_DIRECT_OBJC_ISA_USAGE = YES_ERROR;
				CLANG_WARN_DOCUMENTATION_COMMENTS = YES;
				CLANG_WARN_EMPTY_BODY = YES;
				CLANG_WARN_ENUM_CONVERSION = YES;
				CLANG_WARN_INFINITE_RECURSION = YES;
				CLANG_WARN_INT_CONVERSION = YES;
				CLANG_WARN_NON_LITERAL_NULL_CONVERSION = YES;
				CLANG_WARN_OBJC_IMPLICIT_RETAIN_SELF = YES;
				CLANG_WARN_OBJC_LITERAL_CONVERSION = YES;
				CLANG_WARN_OBJC_ROOT_CLASS = YES_ERROR;
				CLANG_WARN_QUOTED_INCLUDE_IN_FRAMEWORK_HEADER = YES;
				CLANG_WARN_RANGE_LOOP_ANALYSIS = YES;
				CLANG_WARN_STRICT_PROTOTYPES = YES;
				CLANG_WARN_SUSPICIOUS_MOVE = YES;
				CLANG_WARN_UNGUARDED_AVAILABILITY = YES_AGGRESSIVE;
				CLANG_WARN_UNREACHABLE_CODE = YES;
				CLANG_WARN__DUPLICATE_METHOD_MATCH = YES;
				COPY_PHASE_STRIP = NO;
				DEBUG_INFORMATION_FORMAT = dwarf;
				ENABLE_STRICT_OBJC_MSGSEND = YES;
				ENABLE_TESTABILITY = YES;
				GCC_C_LANGUAGE_STANDARD = gnu11;
				GCC_DYNAMIC_NO_PIC = NO;
				GCC_NO_COMMON_BLOCKS = YES;
				GCC_OPTIMIZATION_LEVEL = 0;
				GCC_PREPROCESSOR_DEFINITIONS = (
					"DEBUG=1",
					"$(inherited)",
				);
				GCC_WARN_64_TO_32_BIT_CONVERSION = YES;
				GCC_WARN_ABOUT_RETURN_TYPE = YES_ERROR;
				GCC_WARN_UNDECLARED_SELECTOR = YES;
				GCC_WARN_UNINITIALIZED_AUTOS = YES_AGGRESSIVE;
				GCC_WARN_UNUSED_FUNCTION = YES;
				GCC_WARN_UNUSED_VARIABLE = YES;
				IPHONEOS_DEPLOYMENT_TARGET = 14.4;
				MTL_ENABLE_DEBUG_INFO = INCLUDE_SOURCE;
				MTL_FAST_MATH = YES;
				ONLY_ACTIVE_ARCH = YES;
				SDKROOT = iphoneos;
				SWIFT_ACTIVE_COMPILATION_CONDITIONS = DEBUG;
				SWIFT_OPTIMIZATION_LEVEL = "-Onone";
			};
			name = Debug;
		};
		08D2EEEB2639B4AA0013D5EF /* Release */ = {
			isa = XCBuildConfiguration;
			buildSettings = {
				ALWAYS_SEARCH_USER_PATHS = NO;
				CLANG_ANALYZER_NONNULL = YES;
				CLANG_ANALYZER_NUMBER_OBJECT_CONVERSION = YES_AGGRESSIVE;
				CLANG_CXX_LANGUAGE_STANDARD = "gnu++14";
				CLANG_CXX_LIBRARY = "libc++";
				CLANG_ENABLE_MODULES = YES;
				CLANG_ENABLE_OBJC_ARC = YES;
				CLANG_ENABLE_OBJC_WEAK = YES;
				CLANG_WARN_BLOCK_CAPTURE_AUTORELEASING = YES;
				CLANG_WARN_BOOL_CONVERSION = YES;
				CLANG_WARN_COMMA = YES;
				CLANG_WARN_CONSTANT_CONVERSION = YES;
				CLANG_WARN_DEPRECATED_OBJC_IMPLEMENTATIONS = YES;
				CLANG_WARN_DIRECT_OBJC_ISA_USAGE = YES_ERROR;
				CLANG_WARN_DOCUMENTATION_COMMENTS = YES;
				CLANG_WARN_EMPTY_BODY = YES;
				CLANG_WARN_ENUM_CONVERSION = YES;
				CLANG_WARN_INFINITE_RECURSION = YES;
				CLANG_WARN_INT_CONVERSION = YES;
				CLANG_WARN_NON_LITERAL_NULL_CONVERSION = YES;
				CLANG_WARN_OBJC_IMPLICIT_RETAIN_SELF = YES;
				CLANG_WARN_OBJC_LITERAL_CONVERSION = YES;
				CLANG_WARN_OBJC_ROOT_CLASS = YES_ERROR;
				CLANG_WARN_QUOTED_INCLUDE_IN_FRAMEWORK_HEADER = YES;
				CLANG_WARN_RANGE_LOOP_ANALYSIS = YES;
				CLANG_WARN_STRICT_PROTOTYPES = YES;
				CLANG_WARN_SUSPICIOUS_MOVE = YES;
				CLANG_WARN_UNGUARDED_AVAILABILITY = YES_AGGRESSIVE;
				CLANG_WARN_UNREACHABLE_CODE = YES;
				CLANG_WARN__DUPLICATE_METHOD_MATCH = YES;
				COPY_PHASE_STRIP = NO;
				DEBUG_INFORMATION_FORMAT = "dwarf-with-dsym";
				ENABLE_NS_ASSERTIONS = NO;
				ENABLE_STRICT_OBJC_MSGSEND = YES;
				GCC_C_LANGUAGE_STANDARD = gnu11;
				GCC_NO_COMMON_BLOCKS = YES;
				GCC_WARN_64_TO_32_BIT_CONVERSION = YES;
				GCC_WARN_ABOUT_RETURN_TYPE = YES_ERROR;
				GCC_WARN_UNDECLARED_SELECTOR = YES;
				GCC_WARN_UNINITIALIZED_AUTOS = YES_AGGRESSIVE;
				GCC_WARN_UNUSED_FUNCTION = YES;
				GCC_WARN_UNUSED_VARIABLE = YES;
				IPHONEOS_DEPLOYMENT_TARGET = 14.4;
				MTL_ENABLE_DEBUG_INFO = NO;
				MTL_FAST_MATH = YES;
				SDKROOT = iphoneos;
				SWIFT_COMPILATION_MODE = wholemodule;
				SWIFT_OPTIMIZATION_LEVEL = "-O";
				VALIDATE_PRODUCT = YES;
			};
			name = Release;
		};
		08D2EEED2639B4AA0013D5EF /* Debug */ = {
			isa = XCBuildConfiguration;
			buildSettings = {
				ASSETCATALOG_COMPILER_APPICON_NAME = AppIcon;
				ASSETCATALOG_COMPILER_GLOBAL_ACCENT_COLOR_NAME = AccentColor;
				CODE_SIGN_STYLE = Automatic;
				DEVELOPMENT_TEAM = N5QHVBVDCK;
				INFOPLIST_FILE = MajuJayaLetsInteract/Info.plist;
				LD_RUNPATH_SEARCH_PATHS = (
					"$(inherited)",
					"@executable_path/Frameworks",
				);
				PRODUCT_BUNDLE_IDENTIFIER = io.aziyan99.MajuJayaLetsInteract;
				PRODUCT_NAME = "$(TARGET_NAME)";
				SWIFT_VERSION = 5.0;
				TARGETED_DEVICE_FAMILY = "1,2";
			};
			name = Debug;
		};
		08D2EEEE2639B4AA0013D5EF /* Release */ = {
			isa = XCBuildConfiguration;
			buildSettings = {
				ASSETCATALOG_COMPILER_APPICON_NAME = AppIcon;
				ASSETCATALOG_COMPILER_GLOBAL_ACCENT_COLOR_NAME = AccentColor;
				CODE_SIGN_STYLE = Automatic;
				DEVELOPMENT_TEAM = N5QHVBVDCK;
				INFOPLIST_FILE = MajuJayaLetsInteract/Info.plist;
				LD_RUNPATH_SEARCH_PATHS = (
					"$(inherited)",
					"@executable_path/Frameworks",
				);
				PRODUCT_BUNDLE_IDENTIFIER = io.aziyan99.MajuJayaLetsInteract;
				PRODUCT_NAME = "$(TARGET_NAME)";
				SWIFT_VERSION = 5.0;
				TARGETED_DEVICE_FAMILY = "1,2";
			};
			name = Release;
		};
/* End XCBuildConfiguration section */

/* Begin XCConfigurationList section */
		08D2EED02639B4AA0013D5EF /* Build configuration list for PBXProject "MajuJayaLetsInteract" */ = {
			isa = XCConfigurationList;
			buildConfigurations = (
				08D2EEEA2639B4AA0013D5EF /* Debug */,
				08D2EEEB2639B4AA0013D5EF /* Release */,
			);
			defaultConfigurationIsVisible = 0;
			defaultConfigurationName = Release;
		};
		08D2EEEC2639B4AA0013D5EF /* Build configuration list for PBXNativeTarget "MajuJayaLetsInteract" */ = {
			isa = XCConfigurationList;
			buildConfigurations = (
				08D2EEED2639B4AA0013D5EF /* Debug */,
				08D2EEEE2639B4AA0013D5EF /* Release */,
			);
			defaultConfigurationIsVisible = 0;
			defaultConfigurationName = Release;
		};
/* End XCConfigurationList section */

/* Begin XCVersionGroup section */
		08D2EEE12639B4AA0013D5EF /* MajuJayaLetsInteract.xcdatamodeld */ = {
			isa = XCVersionGroup;
			children = (
				08D2EEE22639B4AA0013D5EF /* MajuJayaLetsInteract.xcdatamodel */,
			);
			currentVersion = 08D2EEE22639B4AA0013D5EF /* MajuJayaLetsInteract.xcdatamodel */;
			path = MajuJayaLetsInteract.xcdatamodeld;
			sourceTree = "<group>";
			versionGroupType = wrapper.xcdatamodel;
		};
/* End XCVersionGroup section */
	};
	rootObject = 08D2EECD2639B4AA0013D5EF /* Project object */;
}
